{
  "nodes": {
    "darwin": {
      "inputs": {
        "nixpkgs": [
          "nixpkgs"
        ]
      },
      "locked": {
        "lastModified": 1687691275,
        "narHash": "sha256-VVywT8ubStvDPF5TscDBokT3T0l3zsOzCW056noh5zc=",
        "owner": "lnl7",
        "repo": "nix-darwin",
        "rev": "25ae710ba3cd448c5d5678788d37f3d149378bc0",
        "type": "github"
      },
      "original": {
        "owner": "lnl7",
        "ref": "master",
        "repo": "nix-darwin",
        "type": "github"
      }
    },
    "flake-utils": {
      "inputs": {
        "systems": "systems"
      },
      "locked": {
        "lastModified": 1687709756,
        "narHash": "sha256-Y5wKlQSkgEK2weWdOu4J3riRd+kV/VCgHsqLNTTWQ/0=",
        "owner": "numtide",
        "repo": "flake-utils",
        "rev": "dbabf0ca0c0c4bce6ea5eaf65af5cb694d2082c7",
        "type": "github"
      },
      "original": {
        "owner": "numtide",
        "repo": "flake-utils",
        "type": "github"
      }
    },
    "home-manager": {
      "inputs": {
        "nixpkgs": [
          "nixpkgs"
        ]
      },
      "locked": {
        "lastModified": 1687871164,
        "narHash": "sha256-bBFlPthuYX322xOlpJvkjUBz0C+MOBjZdDOOJJ+G2jU=",
        "owner": "nix-community",
        "repo": "home-manager",
        "rev": "07c347bb50994691d7b0095f45ebd8838cf6bc38",
        "type": "github"
      },
      "original": {
        "owner": "nix-community",
        "ref": "release-23.05",
        "repo": "home-manager",
        "type": "github"
      }
    },
    "home-manager_2": {
      "inputs": {
        "nixpkgs": "nixpkgs",
        "utils": "utils"
      },
      "locked": {
        "lastModified": 1677756477,
        "narHash": "sha256-EZzkIti0a7Xlmuzx0ECXmiBIxz3mXrIS4ppb8eqshWE=",
        "owner": "nix-community",
        "repo": "home-manager",
        "rev": "547a3bc8d464cb2a22e4cf0dbbb746f8c654151a",
        "type": "github"
      },
      "original": {
        "owner": "nix-community",
        "repo": "home-manager",
        "type": "github"
      }
    },
    "humanfirst-dots": {
      "inputs": {
        "home-manager": "home-manager_2",
        "nixpkgs": [
          "nixpkgs"
        ]
      },
      "locked": {
        "lastModified": 1677798751,
        "narHash": "sha256-zUYkOZftta1V+nYCZzg5zh3itAbnNDFhwGq4ggqJXbI=",
        "ref": "refs/heads/master",
        "rev": "8cb07c50ff0aa2f25ac3d1fef29bc0c469b9b560",
        "revCount": 11,
        "type": "git",
        "url": "ssh://git@github.com/zia-ai/shared-dotfiles"
      },
      "original": {
        "type": "git",
        "url": "ssh://git@github.com/zia-ai/shared-dotfiles"
      }
    },
    "nixpkgs": {
      "locked": {
        "lastModified": 1675115703,
        "narHash": "sha256-4zetAPSyY0D77x+Ww9QBe8RHn1akvIvHJ/kgg8kGDbk=",
        "owner": "nixos",
        "repo": "nixpkgs",
        "rev": "2caf4ef5005ecc68141ecb4aac271079f7371c44",
        "type": "github"
      },
      "original": {
        "owner": "nixos",
        "ref": "nixos-unstable",
        "repo": "nixpkgs",
        "type": "github"
      }
    },
    "nixpkgs-unstable": {
      "locked": {
        "lastModified": 1687807295,
        "narHash": "sha256-7TUD0p0m4mZpIi1O+Cyk5NCqpJUnhv/CJOAuHOndjao=",
        "owner": "NixOS",
        "repo": "nixpkgs",
        "rev": "6b3d1b1cf13f407fef5e634b224d575eb7211975",
        "type": "github"
      },
      "original": {
        "owner": "NixOS",
        "ref": "nixos-unstable",
        "repo": "nixpkgs",
        "type": "github"
      }
    },
    "nixpkgs_2": {
      "locked": {
        "lastModified": 1687729501,
        "narHash": "sha256-mTLkMePoHUWvTCf3NuKbeYEea/tsikSIKBWwb9OfRr4=",
        "owner": "nixos",
        "repo": "nixpkgs",
        "rev": "35130d4b4f0b8c50ed2aceb909a538c66c91d4a0",
        "type": "github"
      },
      "original": {
        "owner": "nixos",
        "ref": "nixos-23.05",
        "repo": "nixpkgs",
        "type": "github"
      }
    },
    "root": {
      "inputs": {
        "darwin": "darwin",
        "flake-utils": "flake-utils",
        "home-manager": "home-manager",
        "humanfirst-dots": "humanfirst-dots",
        "nixpkgs": "nixpkgs_2",
        "nixpkgs-unstable": "nixpkgs-unstable"
      }
    },
    "systems": {
      "locked": {
        "lastModified": 1681028828,
        "narHash": "sha256-Vy1rq5AaRuLzOxct8nz4T6wlgyUR7zLU309k9mBC768=",
        "owner": "nix-systems",
        "repo": "default",
        "rev": "da67096a3b9bf56a91d16901293e51ba5b49a27e",
        "type": "github"
      },
      "original": {
        "owner": "nix-systems",
        "repo": "default",
        "type": "github"
      }
    },
    "utils": {
      "locked": {
        "lastModified": 1667395993,
        "narHash": "sha256-nuEHfE/LcWyuSWnS8t12N1wc105Qtau+/OdUAjtQ0rA=",
        "owner": "numtide",
        "repo": "flake-utils",
        "rev": "5aed5285a952e0b949eb3ba02c12fa4fcfef535f",
        "type": "github"
      },
      "original": {
        "owner": "numtide",
        "repo": "flake-utils",
        "type": "github"
      }
    }
  },
  "root": "root",
  "version": 7
}
