{
  "nodes": {
    "darwin": {
      "inputs": {
        "nixpkgs": [
          "nixpkgs"
        ]
      },
      "locked": {
        "lastModified": 1691963303,
        "narHash": "sha256-zqvt4N4Ic06BrGo02itCIPTEKzVnGT0BtGbIr+aUGqE=",
        "owner": "lnl7",
        "repo": "nix-darwin",
        "rev": "3fcd83783a1e2ddad0f14821da4186a95bc76c50",
        "type": "github"
      },
      "original": {
        "owner": "lnl7",
        "ref": "master",
        "repo": "nix-darwin",
        "type": "github"
      }
    },
    "flake-compat": {
      "flake": false,
      "locked": {
        "lastModified": 1673956053,
        "narHash": "sha256-4gtG9iQuiKITOjNQQeQIpoIB6b16fm+504Ch3sNKLd8=",
        "owner": "edolstra",
        "repo": "flake-compat",
        "rev": "35bb57c0c8d8b62bbfd284272c928ceb64ddbde9",
        "type": "github"
      },
      "original": {
        "owner": "edolstra",
        "repo": "flake-compat",
        "type": "github"
      }
    },
    "flake-utils": {
      "inputs": {
        "systems": "systems"
      },
      "locked": {
        "lastModified": 1689068808,
        "narHash": "sha256-6ixXo3wt24N/melDWjq70UuHQLxGV8jZvooRanIHXw0=",
        "owner": "numtide",
        "repo": "flake-utils",
        "rev": "919d646de7be200f3bf08cb76ae1f09402b6f9b4",
        "type": "github"
      },
      "original": {
        "owner": "numtide",
        "repo": "flake-utils",
        "type": "github"
      }
    },
    "flake-utils_2": {
      "inputs": {
        "systems": "systems_2"
      },
      "locked": {
        "lastModified": 1689068808,
        "narHash": "sha256-6ixXo3wt24N/melDWjq70UuHQLxGV8jZvooRanIHXw0=",
        "owner": "numtide",
        "repo": "flake-utils",
        "rev": "919d646de7be200f3bf08cb76ae1f09402b6f9b4",
        "type": "github"
      },
      "original": {
        "owner": "numtide",
        "repo": "flake-utils",
        "type": "github"
      }
    },
    "flake-utils_3": {
      "inputs": {
        "systems": "systems_3"
      },
      "locked": {
        "lastModified": 1681202837,
        "narHash": "sha256-H+Rh19JDwRtpVPAWp64F+rlEtxUWBAQW28eAi3SRSzg=",
        "owner": "numtide",
        "repo": "flake-utils",
        "rev": "cfacdce06f30d2b68473a46042957675eebb3401",
        "type": "github"
      },
      "original": {
        "owner": "numtide",
        "repo": "flake-utils",
        "type": "github"
      }
    },
    "home-manager": {
      "inputs": {
        "nixpkgs": [
          "nixpkgs"
        ]
      },
      "locked": {
        "lastModified": 1691963086,
        "narHash": "sha256-OHpCjDC9jsMDzyNJslJUeONaNkSDQA5t7qGpurVsVww=",
        "owner": "nix-community",
        "repo": "home-manager",
        "rev": "7f351e2993ed170dd9b8521a9e41f4d91d9b9c5d",
        "type": "github"
      },
      "original": {
        "owner": "nix-community",
        "ref": "release-23.05",
        "repo": "home-manager",
        "type": "github"
      }
    },
    "home-manager_2": {
      "inputs": {
        "nixpkgs": "nixpkgs",
        "utils": "utils"
      },
      "locked": {
        "lastModified": 1677756477,
        "narHash": "sha256-EZzkIti0a7Xlmuzx0ECXmiBIxz3mXrIS4ppb8eqshWE=",
        "owner": "nix-community",
        "repo": "home-manager",
        "rev": "547a3bc8d464cb2a22e4cf0dbbb746f8c654151a",
        "type": "github"
      },
      "original": {
        "owner": "nix-community",
        "repo": "home-manager",
        "type": "github"
      }
    },
    "humanfirst-dots": {
      "inputs": {
        "home-manager": "home-manager_2",
        "nixpkgs": [
          "nixpkgs"
        ]
      },
      "locked": {
        "lastModified": 1677798751,
        "narHash": "sha256-zUYkOZftta1V+nYCZzg5zh3itAbnNDFhwGq4ggqJXbI=",
        "ref": "refs/heads/master",
        "rev": "8cb07c50ff0aa2f25ac3d1fef29bc0c469b9b560",
        "revCount": 11,
        "type": "git",
        "url": "ssh://git@github.com/zia-ai/shared-dotfiles"
      },
      "original": {
        "type": "git",
        "url": "ssh://git@github.com/zia-ai/shared-dotfiles"
      }
    },
    "nix-alien": {
      "inputs": {
        "flake-compat": "flake-compat",
        "flake-utils": "flake-utils_2",
        "nix-index-database": "nix-index-database",
        "nixpkgs": "nixpkgs_2"
      },
      "locked": {
        "lastModified": 1690903419,
        "narHash": "sha256-ciRzOsKNtAZDahTn0Y0zW7AgyrVh+b1WaW+sBDiV5PA=",
        "owner": "thiagokokada",
        "repo": "nix-alien",
        "rev": "e1c6e6015e3c9a07d20c1e598dfea539b6337150",
        "type": "github"
      },
      "original": {
        "owner": "thiagokokada",
        "repo": "nix-alien",
        "type": "github"
      }
    },
    "nix-index-database": {
      "inputs": {
        "nixpkgs": [
          "nix-alien",
          "nixpkgs"
        ]
      },
      "locked": {
        "lastModified": 1688874465,
        "narHash": "sha256-BUwl+tq40EjkufTZkqf3lWFzxOA/mYBTHz+p5uJtjaY=",
        "owner": "Mic92",
        "repo": "nix-index-database",
        "rev": "757114749d4613cf71f3748e780a1be8a67a5d3c",
        "type": "github"
      },
      "original": {
        "owner": "Mic92",
        "repo": "nix-index-database",
        "type": "github"
      }
    },
    "nixpkgs": {
      "locked": {
        "lastModified": 1675115703,
        "narHash": "sha256-4zetAPSyY0D77x+Ww9QBe8RHn1akvIvHJ/kgg8kGDbk=",
        "owner": "nixos",
        "repo": "nixpkgs",
        "rev": "2caf4ef5005ecc68141ecb4aac271079f7371c44",
        "type": "github"
      },
      "original": {
        "owner": "nixos",
        "ref": "nixos-unstable",
        "repo": "nixpkgs",
        "type": "github"
      }
    },
    "nixpkgs-unstable": {
      "locked": {
        "lastModified": 1691990649,
        "narHash": "sha256-gMbKOiX1HwClRP9lADaaV/lnZr93NEaOFe4ApDx/zd8=",
        "owner": "NixOS",
        "repo": "nixpkgs",
        "rev": "6e287913f7b1ef537c97aa301b67c34ea46b640f",
        "type": "github"
      },
      "original": {
        "owner": "NixOS",
        "ref": "nixos-unstable",
        "repo": "nixpkgs",
        "type": "github"
      }
    },
    "nixpkgs_2": {
      "locked": {
        "lastModified": 1689352711,
        "narHash": "sha256-xWYFt8vWnstDIVsZ26y9mf6h3714lVmXd6l+hTQz6tw=",
        "owner": "NixOS",
        "repo": "nixpkgs",
        "rev": "2047c642ce0f75307e8a0f2ec94715218c481184",
        "type": "github"
      },
      "original": {
        "owner": "NixOS",
        "ref": "nixpkgs-unstable",
        "repo": "nixpkgs",
        "type": "github"
      }
    },
    "nixpkgs_3": {
      "locked": {
        "lastModified": 1691950488,
        "narHash": "sha256-iUNEeudc4dGjx+HsHccnGiuZUVE/nhjXuQ1DVCsHIUY=",
        "owner": "nixos",
        "repo": "nixpkgs",
        "rev": "720e61ed8de116eec48d6baea1d54469b536b985",
        "type": "github"
      },
      "original": {
        "owner": "nixos",
        "ref": "nixos-23.05",
        "repo": "nixpkgs",
        "type": "github"
      }
    },
    "nixpkgs_4": {
      "locked": {
        "lastModified": 1682134069,
        "narHash": "sha256-TnI/ZXSmRxQDt2sjRYK/8j8iha4B4zP2cnQCZZ3vp7k=",
        "owner": "NixOS",
        "repo": "nixpkgs",
        "rev": "fd901ef4bf93499374c5af385b2943f5801c0833",
        "type": "github"
      },
      "original": {
        "id": "nixpkgs",
        "type": "indirect"
      }
    },
    "root": {
      "inputs": {
        "darwin": "darwin",
        "flake-utils": "flake-utils",
        "home-manager": "home-manager",
        "humanfirst-dots": "humanfirst-dots",
        "nix-alien": "nix-alien",
        "nixpkgs": "nixpkgs_3",
        "nixpkgs-unstable": "nixpkgs-unstable",
        "vscode-server": "vscode-server"
      }
    },
    "systems": {
      "locked": {
        "lastModified": 1681028828,
        "narHash": "sha256-Vy1rq5AaRuLzOxct8nz4T6wlgyUR7zLU309k9mBC768=",
        "owner": "nix-systems",
        "repo": "default",
        "rev": "da67096a3b9bf56a91d16901293e51ba5b49a27e",
        "type": "github"
      },
      "original": {
        "owner": "nix-systems",
        "repo": "default",
        "type": "github"
      }
    },
    "systems_2": {
      "locked": {
        "lastModified": 1681028828,
        "narHash": "sha256-Vy1rq5AaRuLzOxct8nz4T6wlgyUR7zLU309k9mBC768=",
        "owner": "nix-systems",
        "repo": "default",
        "rev": "da67096a3b9bf56a91d16901293e51ba5b49a27e",
        "type": "github"
      },
      "original": {
        "owner": "nix-systems",
        "repo": "default",
        "type": "github"
      }
    },
    "systems_3": {
      "locked": {
        "lastModified": 1681028828,
        "narHash": "sha256-Vy1rq5AaRuLzOxct8nz4T6wlgyUR7zLU309k9mBC768=",
        "owner": "nix-systems",
        "repo": "default",
        "rev": "da67096a3b9bf56a91d16901293e51ba5b49a27e",
        "type": "github"
      },
      "original": {
        "owner": "nix-systems",
        "repo": "default",
        "type": "github"
      }
    },
    "utils": {
      "locked": {
        "lastModified": 1667395993,
        "narHash": "sha256-nuEHfE/LcWyuSWnS8t12N1wc105Qtau+/OdUAjtQ0rA=",
        "owner": "numtide",
        "repo": "flake-utils",
        "rev": "5aed5285a952e0b949eb3ba02c12fa4fcfef535f",
        "type": "github"
      },
      "original": {
        "owner": "numtide",
        "repo": "flake-utils",
        "type": "github"
      }
    },
    "vscode-server": {
      "inputs": {
        "flake-utils": "flake-utils_3",
        "nixpkgs": "nixpkgs_4"
      },
      "locked": {
        "lastModified": 1684517665,
        "narHash": "sha256-SaAr66uCQ8CF75jIr23FZjk1+9Kfwm5sQnwV25206Gs=",
        "owner": "msteen",
        "repo": "nixos-vscode-server",
        "rev": "1e1358493df6529d4c7bc4cc3066f76fd16d4ae6",
        "type": "github"
      },
      "original": {
        "owner": "msteen",
        "repo": "nixos-vscode-server",
        "type": "github"
      }
    }
  },
  "root": "root",
  "version": 7
}
